
Microsoft Visual Studio Solution File, Format Version 12.00
# Visual Studio Version 17
VisualStudioVersion = 17.4.33110.190
MinimumVisualStudioVersion = 10.0.40219.1
Project("{2150E333-8FDC-42A3-9474-1A3956D46DE8}") = "SqlConnection", "SqlConnection", "{713B4BE8-0CD3-4450-A39F-8BC19B656604}"
	ProjectSection(SolutionItems) = preProject
		..\..\..\Desktop\Files\appservices_7\apps-services-net7\sql-scripts\Northwind4SQLServer.sql = ..\..\..\Desktop\Files\appservices_7\apps-services-net7\sql-scripts\Northwind4SQLServer.sql
	EndProjectSection
EndProject
Project("{9A19103F-16F7-4668-BE54-9A1E7A4F7556}") = "Northwind.Console.SqlClient", "Northwind.Console.SqlClient\Northwind.Console.SqlClient.csproj", "{9D68EF73-A323-4CE0-A45F-E9B9596FC82B}"
EndProject
Project("{9A19103F-16F7-4668-BE54-9A1E7A4F7556}") = "Northwind.Console.EFCore", "Northwind.Console.EFCore\Northwind.Console.EFCore.csproj", "{CFF7C8CE-227D-449E-9F75-4FF1C1833CC2}"
EndProject
Project("{9A19103F-16F7-4668-BE54-9A1E7A4F7556}") = "Northwind.Console.HierarchyMapping", "Northwind.Console.HierarchyMapping\Northwind.Console.HierarchyMapping.csproj", "{599E1C7C-EDE1-4731-8E98-34272252B181}"
EndProject
Project("{9A19103F-16F7-4668-BE54-9A1E7A4F7556}") = "Northwind.Common.EntityModels.SqlServer", "Northwind.Common.EntityModels.SqlServer\Northwind.Common.EntityModels.SqlServer.csproj", "{5C34C90B-1ED4-4765-BC97-4A4B17DB63FF}"
EndProject
Project("{9A19103F-16F7-4668-BE54-9A1E7A4F7556}") = "Northwind.Common.DataContext.SqlServer", "Northwind.Common.DataContext.SqlServer\Northwind.Common.DataContext.SqlServer.csproj", "{57322F19-B518-48CD-AD53-0A29A62BA69D}"
EndProject
Project("{9A19103F-16F7-4668-BE54-9A1E7A4F7556}") = "Northwind.Common.EntityModels.Test", "Northwind.Common.EntityModels.Test\Northwind.Common.EntityModels.Test.csproj", "{AE8CA3CD-711A-4C9C-8418-04EF9D85951D}"
EndProject
Project("{2150E333-8FDC-42A3-9474-1A3956D46DE8}") = "NoSql", "NoSql", "{24ED5007-690E-4253-B254-4331358EA779}"
EndProject
Project("{9A19103F-16F7-4668-BE54-9A1E7A4F7556}") = "Northwind.CosmosDb.SqlApi", "Northwind.CosmosDb.SqlApi\Northwind.CosmosDb.SqlApi.csproj", "{49EDEE8F-7E6F-4195-93A9-9481412AE5FD}"
EndProject
Project("{2150E333-8FDC-42A3-9474-1A3956D46DE8}") = "MonitoringPerformance", "MonitoringPerformance", "{4711B330-E283-4D4D-8822-9A9636488615}"
EndProject
Project("{9A19103F-16F7-4668-BE54-9A1E7A4F7556}") = "MonitoringLib", "MonitoringLib\MonitoringLib.csproj", "{EBF5A45E-08E2-44AF-AA3B-BE65447324A7}"
EndProject
Project("{9A19103F-16F7-4668-BE54-9A1E7A4F7556}") = "MonitoringApp", "MonitoringApp\MonitoringApp.csproj", "{A30BB328-C06C-4209-9F24-160D972CAC1D}"
EndProject
Project("{9A19103F-16F7-4668-BE54-9A1E7A4F7556}") = "Benchmarking", "Benchmarking\Benchmarking.csproj", "{15F2B9E2-631E-4E63-B261-96D7345D9A40}"
EndProject
Project("{9A19103F-16F7-4668-BE54-9A1E7A4F7556}") = "WorkingWithTasks", "WorkingWithTasks\WorkingWithTasks.csproj", "{BA94456A-8687-47DC-A646-3433F6267430}"
EndProject
Project("{FAE04EC0-301F-11D3-BF4B-00C04F79EFBC}") = "SynchronisingResourceAccess", "SynchronisingResourceAccess\SynchronisingResourceAccess.csproj", "{7F416306-315C-450E-A1CF-DEB60E3E4571}"
EndProject
Project("{FAE04EC0-301F-11D3-BF4B-00C04F79EFBC}") = "AsyncConsole", "AsyncConsole\AsyncConsole.csproj", "{B289B9FB-F731-4B43-9DB9-5CCCE307E421}"
EndProject
Project("{FAE04EC0-301F-11D3-BF4B-00C04F79EFBC}") = "AsyncEnumerable", "AsyncEnumerable\AsyncEnumerable.csproj", "{B54493FD-4DFD-46D3-BDBB-BBB646AF861F}"
EndProject
Project("{FAE04EC0-301F-11D3-BF4B-00C04F79EFBC}") = "WpfResponsive", "WpfResponsive\WpfResponsive.csproj", "{8FDCA6A8-178E-4747-8501-8665E3719BAE}"
EndProject
Project("{FAE04EC0-301F-11D3-BF4B-00C04F79EFBC}") = "WorkingWithImages", "WorkingWithImages\WorkingWithImages.csproj", "{4BBE02BC-D711-40F3-AA68-A6417AE865B2}"
EndProject
Project("{2150E333-8FDC-42A3-9474-1A3956D46DE8}") = "ImplementingThirdPartyLibrary", "ImplementingThirdPartyLibrary", "{4D540E84-2AF0-40E2-A1F4-8326952EA6AC}"
EndProject
Project("{FAE04EC0-301F-11D3-BF4B-00C04F79EFBC}") = "Serilogging", "Serilogging\Serilogging.csproj", "{3AE578BE-E85D-427D-BBE4-3448CA775779}"
EndProject
Project("{FAE04EC0-301F-11D3-BF4B-00C04F79EFBC}") = "MappingObjects.Models", "MappingObjects.Models\MappingObjects.Models.csproj", "{7FCAFF25-F104-46C6-8A6A-C6B5E8CEFF15}"
EndProject
Project("{FAE04EC0-301F-11D3-BF4B-00C04F79EFBC}") = "MappingObjects.Mappers", "MappingObjects.Mappers\MappingObjects.Mappers.csproj", "{24C66F8B-B140-44F9-8BBD-272CD0E41A2A}"
EndProject
Project("{FAE04EC0-301F-11D3-BF4B-00C04F79EFBC}") = "Mapping.Objects.Tests", "Mapping.Objects.Tests\Mapping.Objects.Tests.csproj", "{F558645D-5042-4ED6-A4E3-3C0421FCAA28}"
EndProject
Project("{FAE04EC0-301F-11D3-BF4B-00C04F79EFBC}") = "MappingObjects", "MappingObjects\MappingObjects.csproj", "{6D8933DE-DEFF-4B76-B673-52E23AF767AE}"
EndProject
Project("{FAE04EC0-301F-11D3-BF4B-00C04F79EFBC}") = "FluentTests", "FluentTests\FluentTests.csproj", "{15204B18-4D06-4AB2-A508-3E03A60D0F96}"
EndProject
Project("{FAE04EC0-301F-11D3-BF4B-00C04F79EFBC}") = "FluentValidation.Models", "FluentValidation.Models\FluentValidation.Models.csproj", "{D96F905E-BA8C-4FB2-AF64-DB3E54959D32}"
EndProject
Project("{FAE04EC0-301F-11D3-BF4B-00C04F79EFBC}") = "FluentValidation.Validators", "FluentValidation.Validators\FluentValidation.Validators.csproj", "{233960E2-B902-4769-8708-B857B7A1D688}"
EndProject
Project("{FAE04EC0-301F-11D3-BF4B-00C04F79EFBC}") = "FluentValidation.App", "FluentValidation.App\FluentValidation.App.csproj", "{1A3B0078-7E46-4169-894B-CA15BADF65D6}"
EndProject
Project("{FAE04EC0-301F-11D3-BF4B-00C04F79EFBC}") = "Generating.Pdf.Models", "Generating.Pdf.Models\Generating.Pdf.Models.csproj", "{2DA4B87B-E25C-492E-924F-99E59A74A13A}"
EndProject
Project("{FAE04EC0-301F-11D3-BF4B-00C04F79EFBC}") = "Generating.Pdf.Document", "Generating.Pdf.Document\Generating.Pdf.Document.csproj", "{128A4A70-8642-4C95-8E32-9E9687AEBDE6}"
EndProject
Project("{FAE04EC0-301F-11D3-BF4B-00C04F79EFBC}") = "GeneratingPdf.App", "GeneratingPdf.App\GeneratingPdf.App.csproj", "{4737A5CD-C057-488A-BAB5-18A8AF6C171E}"
EndProject
Project("{2150E333-8FDC-42A3-9474-1A3956D46DE8}") = "ObservingModifyingCodeExecutionDynmically", "ObservingModifyingCodeExecutionDynmically", "{72786F7E-5F00-4928-8559-CEE8F0FFD511}"
EndProject
Project("{FAE04EC0-301F-11D3-BF4B-00C04F79EFBC}") = "WorkingWithReflection", "WorkingWithReflection\WorkingWithReflection.csproj", "{727AC7BC-3620-4468-A5BE-8B9593DF4951}"
EndProject
Project("{FAE04EC0-301F-11D3-BF4B-00C04F79EFBC}") = "DynamicLoadAndExecute.Library", "DynamicLoadAndExecute.Library\DynamicLoadAndExecute.Library.csproj", "{1AB61E70-89C4-4331-8D4E-24C13BED22F6}"
EndProject
Project("{FAE04EC0-301F-11D3-BF4B-00C04F79EFBC}") = "DynamicLoadAndExecute.Console", "DynamicLoadAndExecute.Console\DynamicLoadAndExecute.Console.csproj", "{A2893B09-3702-4782-A6C7-8D17C89925A9}"
EndProject
Project("{FAE04EC0-301F-11D3-BF4B-00C04F79EFBC}") = "WorkingWithExpressionTrees", "WorkingWithExpressionTrees\WorkingWithExpressionTrees.csproj", "{0C8D7928-E6A0-4314-A9D3-20FDFD46C282}"
EndProject
Project("{FAE04EC0-301F-11D3-BF4B-00C04F79EFBC}") = "GeneratingCodeApp", "GeneratingCodeApp\GeneratingCodeApp.csproj", "{71D4D7B9-109D-4A41-AA89-1ADD6CFE6898}"
EndProject
Project("{FAE04EC0-301F-11D3-BF4B-00C04F79EFBC}") = "GeneratingCodeLib", "GeneratingCodeLib\GeneratingCodeLib.csproj", "{C6A10A37-66F1-45D0-BFBD-09C45746EFE1}"
EndProject
Global
	GlobalSection(SolutionConfigurationPlatforms) = preSolution
		Debug|Any CPU = Debug|Any CPU
		Release|Any CPU = Release|Any CPU
	EndGlobalSection
	GlobalSection(ProjectConfigurationPlatforms) = postSolution
		{9D68EF73-A323-4CE0-A45F-E9B9596FC82B}.Debug|Any CPU.ActiveCfg = Debug|Any CPU
		{9D68EF73-A323-4CE0-A45F-E9B9596FC82B}.Debug|Any CPU.Build.0 = Debug|Any CPU
		{9D68EF73-A323-4CE0-A45F-E9B9596FC82B}.Release|Any CPU.ActiveCfg = Release|Any CPU
		{9D68EF73-A323-4CE0-A45F-E9B9596FC82B}.Release|Any CPU.Build.0 = Release|Any CPU
		{CFF7C8CE-227D-449E-9F75-4FF1C1833CC2}.Debug|Any CPU.ActiveCfg = Debug|Any CPU
		{CFF7C8CE-227D-449E-9F75-4FF1C1833CC2}.Debug|Any CPU.Build.0 = Debug|Any CPU
		{CFF7C8CE-227D-449E-9F75-4FF1C1833CC2}.Release|Any CPU.ActiveCfg = Release|Any CPU
		{CFF7C8CE-227D-449E-9F75-4FF1C1833CC2}.Release|Any CPU.Build.0 = Release|Any CPU
		{599E1C7C-EDE1-4731-8E98-34272252B181}.Debug|Any CPU.ActiveCfg = Debug|Any CPU
		{599E1C7C-EDE1-4731-8E98-34272252B181}.Debug|Any CPU.Build.0 = Debug|Any CPU
		{599E1C7C-EDE1-4731-8E98-34272252B181}.Release|Any CPU.ActiveCfg = Release|Any CPU
		{599E1C7C-EDE1-4731-8E98-34272252B181}.Release|Any CPU.Build.0 = Release|Any CPU
		{5C34C90B-1ED4-4765-BC97-4A4B17DB63FF}.Debug|Any CPU.ActiveCfg = Debug|Any CPU
		{5C34C90B-1ED4-4765-BC97-4A4B17DB63FF}.Debug|Any CPU.Build.0 = Debug|Any CPU
		{5C34C90B-1ED4-4765-BC97-4A4B17DB63FF}.Release|Any CPU.ActiveCfg = Release|Any CPU
		{5C34C90B-1ED4-4765-BC97-4A4B17DB63FF}.Release|Any CPU.Build.0 = Release|Any CPU
		{57322F19-B518-48CD-AD53-0A29A62BA69D}.Debug|Any CPU.ActiveCfg = Debug|Any CPU
		{57322F19-B518-48CD-AD53-0A29A62BA69D}.Debug|Any CPU.Build.0 = Debug|Any CPU
		{57322F19-B518-48CD-AD53-0A29A62BA69D}.Release|Any CPU.ActiveCfg = Release|Any CPU
		{57322F19-B518-48CD-AD53-0A29A62BA69D}.Release|Any CPU.Build.0 = Release|Any CPU
		{AE8CA3CD-711A-4C9C-8418-04EF9D85951D}.Debug|Any CPU.ActiveCfg = Debug|Any CPU
		{AE8CA3CD-711A-4C9C-8418-04EF9D85951D}.Debug|Any CPU.Build.0 = Debug|Any CPU
		{AE8CA3CD-711A-4C9C-8418-04EF9D85951D}.Release|Any CPU.ActiveCfg = Release|Any CPU
		{AE8CA3CD-711A-4C9C-8418-04EF9D85951D}.Release|Any CPU.Build.0 = Release|Any CPU
		{49EDEE8F-7E6F-4195-93A9-9481412AE5FD}.Debug|Any CPU.ActiveCfg = Debug|Any CPU
		{49EDEE8F-7E6F-4195-93A9-9481412AE5FD}.Debug|Any CPU.Build.0 = Debug|Any CPU
		{49EDEE8F-7E6F-4195-93A9-9481412AE5FD}.Release|Any CPU.ActiveCfg = Release|Any CPU
		{49EDEE8F-7E6F-4195-93A9-9481412AE5FD}.Release|Any CPU.Build.0 = Release|Any CPU
		{EBF5A45E-08E2-44AF-AA3B-BE65447324A7}.Debug|Any CPU.ActiveCfg = Debug|Any CPU
		{EBF5A45E-08E2-44AF-AA3B-BE65447324A7}.Debug|Any CPU.Build.0 = Debug|Any CPU
		{EBF5A45E-08E2-44AF-AA3B-BE65447324A7}.Release|Any CPU.ActiveCfg = Release|Any CPU
		{EBF5A45E-08E2-44AF-AA3B-BE65447324A7}.Release|Any CPU.Build.0 = Release|Any CPU
		{A30BB328-C06C-4209-9F24-160D972CAC1D}.Debug|Any CPU.ActiveCfg = Debug|Any CPU
		{A30BB328-C06C-4209-9F24-160D972CAC1D}.Debug|Any CPU.Build.0 = Debug|Any CPU
		{A30BB328-C06C-4209-9F24-160D972CAC1D}.Release|Any CPU.ActiveCfg = Release|Any CPU
		{A30BB328-C06C-4209-9F24-160D972CAC1D}.Release|Any CPU.Build.0 = Release|Any CPU
		{15F2B9E2-631E-4E63-B261-96D7345D9A40}.Debug|Any CPU.ActiveCfg = Debug|Any CPU
		{15F2B9E2-631E-4E63-B261-96D7345D9A40}.Debug|Any CPU.Build.0 = Debug|Any CPU
		{15F2B9E2-631E-4E63-B261-96D7345D9A40}.Release|Any CPU.ActiveCfg = Release|Any CPU
		{15F2B9E2-631E-4E63-B261-96D7345D9A40}.Release|Any CPU.Build.0 = Release|Any CPU
		{BA94456A-8687-47DC-A646-3433F6267430}.Debug|Any CPU.ActiveCfg = Debug|Any CPU
		{BA94456A-8687-47DC-A646-3433F6267430}.Debug|Any CPU.Build.0 = Debug|Any CPU
		{BA94456A-8687-47DC-A646-3433F6267430}.Release|Any CPU.ActiveCfg = Release|Any CPU
		{BA94456A-8687-47DC-A646-3433F6267430}.Release|Any CPU.Build.0 = Release|Any CPU
		{7F416306-315C-450E-A1CF-DEB60E3E4571}.Debug|Any CPU.ActiveCfg = Debug|Any CPU
		{7F416306-315C-450E-A1CF-DEB60E3E4571}.Debug|Any CPU.Build.0 = Debug|Any CPU
		{7F416306-315C-450E-A1CF-DEB60E3E4571}.Release|Any CPU.ActiveCfg = Release|Any CPU
		{7F416306-315C-450E-A1CF-DEB60E3E4571}.Release|Any CPU.Build.0 = Release|Any CPU
		{B289B9FB-F731-4B43-9DB9-5CCCE307E421}.Debug|Any CPU.ActiveCfg = Debug|Any CPU
		{B289B9FB-F731-4B43-9DB9-5CCCE307E421}.Debug|Any CPU.Build.0 = Debug|Any CPU
		{B289B9FB-F731-4B43-9DB9-5CCCE307E421}.Release|Any CPU.ActiveCfg = Release|Any CPU
		{B289B9FB-F731-4B43-9DB9-5CCCE307E421}.Release|Any CPU.Build.0 = Release|Any CPU
		{B54493FD-4DFD-46D3-BDBB-BBB646AF861F}.Debug|Any CPU.ActiveCfg = Debug|Any CPU
		{B54493FD-4DFD-46D3-BDBB-BBB646AF861F}.Debug|Any CPU.Build.0 = Debug|Any CPU
		{B54493FD-4DFD-46D3-BDBB-BBB646AF861F}.Release|Any CPU.ActiveCfg = Release|Any CPU
		{B54493FD-4DFD-46D3-BDBB-BBB646AF861F}.Release|Any CPU.Build.0 = Release|Any CPU
		{8FDCA6A8-178E-4747-8501-8665E3719BAE}.Debug|Any CPU.ActiveCfg = Debug|Any CPU
		{8FDCA6A8-178E-4747-8501-8665E3719BAE}.Debug|Any CPU.Build.0 = Debug|Any CPU
		{8FDCA6A8-178E-4747-8501-8665E3719BAE}.Release|Any CPU.ActiveCfg = Release|Any CPU
		{8FDCA6A8-178E-4747-8501-8665E3719BAE}.Release|Any CPU.Build.0 = Release|Any CPU
		{4BBE02BC-D711-40F3-AA68-A6417AE865B2}.Debug|Any CPU.ActiveCfg = Debug|Any CPU
		{4BBE02BC-D711-40F3-AA68-A6417AE865B2}.Debug|Any CPU.Build.0 = Debug|Any CPU
		{4BBE02BC-D711-40F3-AA68-A6417AE865B2}.Release|Any CPU.ActiveCfg = Release|Any CPU
		{4BBE02BC-D711-40F3-AA68-A6417AE865B2}.Release|Any CPU.Build.0 = Release|Any CPU
		{3AE578BE-E85D-427D-BBE4-3448CA775779}.Debug|Any CPU.ActiveCfg = Debug|Any CPU
		{3AE578BE-E85D-427D-BBE4-3448CA775779}.Debug|Any CPU.Build.0 = Debug|Any CPU
		{3AE578BE-E85D-427D-BBE4-3448CA775779}.Release|Any CPU.ActiveCfg = Release|Any CPU
		{3AE578BE-E85D-427D-BBE4-3448CA775779}.Release|Any CPU.Build.0 = Release|Any CPU
		{7FCAFF25-F104-46C6-8A6A-C6B5E8CEFF15}.Debug|Any CPU.ActiveCfg = Debug|Any CPU
		{7FCAFF25-F104-46C6-8A6A-C6B5E8CEFF15}.Debug|Any CPU.Build.0 = Debug|Any CPU
		{7FCAFF25-F104-46C6-8A6A-C6B5E8CEFF15}.Release|Any CPU.ActiveCfg = Release|Any CPU
		{7FCAFF25-F104-46C6-8A6A-C6B5E8CEFF15}.Release|Any CPU.Build.0 = Release|Any CPU
		{24C66F8B-B140-44F9-8BBD-272CD0E41A2A}.Debug|Any CPU.ActiveCfg = Debug|Any CPU
		{24C66F8B-B140-44F9-8BBD-272CD0E41A2A}.Debug|Any CPU.Build.0 = Debug|Any CPU
		{24C66F8B-B140-44F9-8BBD-272CD0E41A2A}.Release|Any CPU.ActiveCfg = Release|Any CPU
		{24C66F8B-B140-44F9-8BBD-272CD0E41A2A}.Release|Any CPU.Build.0 = Release|Any CPU
		{F558645D-5042-4ED6-A4E3-3C0421FCAA28}.Debug|Any CPU.ActiveCfg = Debug|Any CPU
		{F558645D-5042-4ED6-A4E3-3C0421FCAA28}.Debug|Any CPU.Build.0 = Debug|Any CPU
		{F558645D-5042-4ED6-A4E3-3C0421FCAA28}.Release|Any CPU.ActiveCfg = Release|Any CPU
		{F558645D-5042-4ED6-A4E3-3C0421FCAA28}.Release|Any CPU.Build.0 = Release|Any CPU
		{6D8933DE-DEFF-4B76-B673-52E23AF767AE}.Debug|Any CPU.ActiveCfg = Debug|Any CPU
		{6D8933DE-DEFF-4B76-B673-52E23AF767AE}.Debug|Any CPU.Build.0 = Debug|Any CPU
		{6D8933DE-DEFF-4B76-B673-52E23AF767AE}.Release|Any CPU.ActiveCfg = Release|Any CPU
		{6D8933DE-DEFF-4B76-B673-52E23AF767AE}.Release|Any CPU.Build.0 = Release|Any CPU
		{15204B18-4D06-4AB2-A508-3E03A60D0F96}.Debug|Any CPU.ActiveCfg = Debug|Any CPU
		{15204B18-4D06-4AB2-A508-3E03A60D0F96}.Debug|Any CPU.Build.0 = Debug|Any CPU
		{15204B18-4D06-4AB2-A508-3E03A60D0F96}.Release|Any CPU.ActiveCfg = Release|Any CPU
		{15204B18-4D06-4AB2-A508-3E03A60D0F96}.Release|Any CPU.Build.0 = Release|Any CPU
		{D96F905E-BA8C-4FB2-AF64-DB3E54959D32}.Debug|Any CPU.ActiveCfg = Debug|Any CPU
		{D96F905E-BA8C-4FB2-AF64-DB3E54959D32}.Debug|Any CPU.Build.0 = Debug|Any CPU
		{D96F905E-BA8C-4FB2-AF64-DB3E54959D32}.Release|Any CPU.ActiveCfg = Release|Any CPU
		{D96F905E-BA8C-4FB2-AF64-DB3E54959D32}.Release|Any CPU.Build.0 = Release|Any CPU
		{233960E2-B902-4769-8708-B857B7A1D688}.Debug|Any CPU.ActiveCfg = Debug|Any CPU
		{233960E2-B902-4769-8708-B857B7A1D688}.Debug|Any CPU.Build.0 = Debug|Any CPU
		{233960E2-B902-4769-8708-B857B7A1D688}.Release|Any CPU.ActiveCfg = Release|Any CPU
		{233960E2-B902-4769-8708-B857B7A1D688}.Release|Any CPU.Build.0 = Release|Any CPU
		{1A3B0078-7E46-4169-894B-CA15BADF65D6}.Debug|Any CPU.ActiveCfg = Debug|Any CPU
		{1A3B0078-7E46-4169-894B-CA15BADF65D6}.Debug|Any CPU.Build.0 = Debug|Any CPU
		{1A3B0078-7E46-4169-894B-CA15BADF65D6}.Release|Any CPU.ActiveCfg = Release|Any CPU
		{1A3B0078-7E46-4169-894B-CA15BADF65D6}.Release|Any CPU.Build.0 = Release|Any CPU
		{2DA4B87B-E25C-492E-924F-99E59A74A13A}.Debug|Any CPU.ActiveCfg = Debug|Any CPU
		{2DA4B87B-E25C-492E-924F-99E59A74A13A}.Debug|Any CPU.Build.0 = Debug|Any CPU
		{2DA4B87B-E25C-492E-924F-99E59A74A13A}.Release|Any CPU.ActiveCfg = Release|Any CPU
		{2DA4B87B-E25C-492E-924F-99E59A74A13A}.Release|Any CPU.Build.0 = Release|Any CPU
		{128A4A70-8642-4C95-8E32-9E9687AEBDE6}.Debug|Any CPU.ActiveCfg = Debug|Any CPU
		{128A4A70-8642-4C95-8E32-9E9687AEBDE6}.Debug|Any CPU.Build.0 = Debug|Any CPU
		{128A4A70-8642-4C95-8E32-9E9687AEBDE6}.Release|Any CPU.ActiveCfg = Release|Any CPU
		{128A4A70-8642-4C95-8E32-9E9687AEBDE6}.Release|Any CPU.Build.0 = Release|Any CPU
		{4737A5CD-C057-488A-BAB5-18A8AF6C171E}.Debug|Any CPU.ActiveCfg = Debug|Any CPU
		{4737A5CD-C057-488A-BAB5-18A8AF6C171E}.Debug|Any CPU.Build.0 = Debug|Any CPU
		{4737A5CD-C057-488A-BAB5-18A8AF6C171E}.Release|Any CPU.ActiveCfg = Release|Any CPU
		{4737A5CD-C057-488A-BAB5-18A8AF6C171E}.Release|Any CPU.Build.0 = Release|Any CPU
		{727AC7BC-3620-4468-A5BE-8B9593DF4951}.Debug|Any CPU.ActiveCfg = Debug|Any CPU
		{727AC7BC-3620-4468-A5BE-8B9593DF4951}.Debug|Any CPU.Build.0 = Debug|Any CPU
		{727AC7BC-3620-4468-A5BE-8B9593DF4951}.Release|Any CPU.ActiveCfg = Release|Any CPU
		{727AC7BC-3620-4468-A5BE-8B9593DF4951}.Release|Any CPU.Build.0 = Release|Any CPU
		{1AB61E70-89C4-4331-8D4E-24C13BED22F6}.Debug|Any CPU.ActiveCfg = Debug|Any CPU
		{1AB61E70-89C4-4331-8D4E-24C13BED22F6}.Debug|Any CPU.Build.0 = Debug|Any CPU
		{1AB61E70-89C4-4331-8D4E-24C13BED22F6}.Release|Any CPU.ActiveCfg = Release|Any CPU
		{1AB61E70-89C4-4331-8D4E-24C13BED22F6}.Release|Any CPU.Build.0 = Release|Any CPU
		{A2893B09-3702-4782-A6C7-8D17C89925A9}.Debug|Any CPU.ActiveCfg = Debug|Any CPU
		{A2893B09-3702-4782-A6C7-8D17C89925A9}.Debug|Any CPU.Build.0 = Debug|Any CPU
		{A2893B09-3702-4782-A6C7-8D17C89925A9}.Release|Any CPU.ActiveCfg = Release|Any CPU
		{A2893B09-3702-4782-A6C7-8D17C89925A9}.Release|Any CPU.Build.0 = Release|Any CPU
		{0C8D7928-E6A0-4314-A9D3-20FDFD46C282}.Debug|Any CPU.ActiveCfg = Debug|Any CPU
		{0C8D7928-E6A0-4314-A9D3-20FDFD46C282}.Debug|Any CPU.Build.0 = Debug|Any CPU
		{0C8D7928-E6A0-4314-A9D3-20FDFD46C282}.Release|Any CPU.ActiveCfg = Release|Any CPU
		{0C8D7928-E6A0-4314-A9D3-20FDFD46C282}.Release|Any CPU.Build.0 = Release|Any CPU
		{71D4D7B9-109D-4A41-AA89-1ADD6CFE6898}.Debug|Any CPU.ActiveCfg = Debug|Any CPU
		{71D4D7B9-109D-4A41-AA89-1ADD6CFE6898}.Debug|Any CPU.Build.0 = Debug|Any CPU
		{71D4D7B9-109D-4A41-AA89-1ADD6CFE6898}.Release|Any CPU.ActiveCfg = Release|Any CPU
		{71D4D7B9-109D-4A41-AA89-1ADD6CFE6898}.Release|Any CPU.Build.0 = Release|Any CPU
		{C6A10A37-66F1-45D0-BFBD-09C45746EFE1}.Debug|Any CPU.ActiveCfg = Debug|Any CPU
		{C6A10A37-66F1-45D0-BFBD-09C45746EFE1}.Debug|Any CPU.Build.0 = Debug|Any CPU
		{C6A10A37-66F1-45D0-BFBD-09C45746EFE1}.Release|Any CPU.ActiveCfg = Release|Any CPU
		{C6A10A37-66F1-45D0-BFBD-09C45746EFE1}.Release|Any CPU.Build.0 = Release|Any CPU
	EndGlobalSection
	GlobalSection(SolutionProperties) = preSolution
		HideSolutionNode = FALSE
	EndGlobalSection
	GlobalSection(NestedProjects) = preSolution
		{9D68EF73-A323-4CE0-A45F-E9B9596FC82B} = {713B4BE8-0CD3-4450-A39F-8BC19B656604}
		{CFF7C8CE-227D-449E-9F75-4FF1C1833CC2} = {713B4BE8-0CD3-4450-A39F-8BC19B656604}
		{599E1C7C-EDE1-4731-8E98-34272252B181} = {713B4BE8-0CD3-4450-A39F-8BC19B656604}
		{5C34C90B-1ED4-4765-BC97-4A4B17DB63FF} = {713B4BE8-0CD3-4450-A39F-8BC19B656604}
		{57322F19-B518-48CD-AD53-0A29A62BA69D} = {713B4BE8-0CD3-4450-A39F-8BC19B656604}
		{AE8CA3CD-711A-4C9C-8418-04EF9D85951D} = {713B4BE8-0CD3-4450-A39F-8BC19B656604}
		{49EDEE8F-7E6F-4195-93A9-9481412AE5FD} = {24ED5007-690E-4253-B254-4331358EA779}
		{EBF5A45E-08E2-44AF-AA3B-BE65447324A7} = {4711B330-E283-4D4D-8822-9A9636488615}
		{A30BB328-C06C-4209-9F24-160D972CAC1D} = {4711B330-E283-4D4D-8822-9A9636488615}
		{15F2B9E2-631E-4E63-B261-96D7345D9A40} = {4711B330-E283-4D4D-8822-9A9636488615}
		{BA94456A-8687-47DC-A646-3433F6267430} = {4711B330-E283-4D4D-8822-9A9636488615}
		{7F416306-315C-450E-A1CF-DEB60E3E4571} = {4711B330-E283-4D4D-8822-9A9636488615}
		{B289B9FB-F731-4B43-9DB9-5CCCE307E421} = {4711B330-E283-4D4D-8822-9A9636488615}
		{B54493FD-4DFD-46D3-BDBB-BBB646AF861F} = {4711B330-E283-4D4D-8822-9A9636488615}
		{8FDCA6A8-178E-4747-8501-8665E3719BAE} = {4711B330-E283-4D4D-8822-9A9636488615}
		{4BBE02BC-D711-40F3-AA68-A6417AE865B2} = {4D540E84-2AF0-40E2-A1F4-8326952EA6AC}
		{3AE578BE-E85D-427D-BBE4-3448CA775779} = {4D540E84-2AF0-40E2-A1F4-8326952EA6AC}
		{7FCAFF25-F104-46C6-8A6A-C6B5E8CEFF15} = {4D540E84-2AF0-40E2-A1F4-8326952EA6AC}
		{24C66F8B-B140-44F9-8BBD-272CD0E41A2A} = {4D540E84-2AF0-40E2-A1F4-8326952EA6AC}
		{F558645D-5042-4ED6-A4E3-3C0421FCAA28} = {4D540E84-2AF0-40E2-A1F4-8326952EA6AC}
		{6D8933DE-DEFF-4B76-B673-52E23AF767AE} = {4D540E84-2AF0-40E2-A1F4-8326952EA6AC}
		{15204B18-4D06-4AB2-A508-3E03A60D0F96} = {4D540E84-2AF0-40E2-A1F4-8326952EA6AC}
		{D96F905E-BA8C-4FB2-AF64-DB3E54959D32} = {4D540E84-2AF0-40E2-A1F4-8326952EA6AC}
		{233960E2-B902-4769-8708-B857B7A1D688} = {4D540E84-2AF0-40E2-A1F4-8326952EA6AC}
		{1A3B0078-7E46-4169-894B-CA15BADF65D6} = {4D540E84-2AF0-40E2-A1F4-8326952EA6AC}
		{2DA4B87B-E25C-492E-924F-99E59A74A13A} = {4D540E84-2AF0-40E2-A1F4-8326952EA6AC}
		{128A4A70-8642-4C95-8E32-9E9687AEBDE6} = {4D540E84-2AF0-40E2-A1F4-8326952EA6AC}
		{4737A5CD-C057-488A-BAB5-18A8AF6C171E} = {4D540E84-2AF0-40E2-A1F4-8326952EA6AC}
		{727AC7BC-3620-4468-A5BE-8B9593DF4951} = {72786F7E-5F00-4928-8559-CEE8F0FFD511}
		{1AB61E70-89C4-4331-8D4E-24C13BED22F6} = {72786F7E-5F00-4928-8559-CEE8F0FFD511}
		{A2893B09-3702-4782-A6C7-8D17C89925A9} = {72786F7E-5F00-4928-8559-CEE8F0FFD511}
		{0C8D7928-E6A0-4314-A9D3-20FDFD46C282} = {72786F7E-5F00-4928-8559-CEE8F0FFD511}
		{71D4D7B9-109D-4A41-AA89-1ADD6CFE6898} = {72786F7E-5F00-4928-8559-CEE8F0FFD511}
		{C6A10A37-66F1-45D0-BFBD-09C45746EFE1} = {72786F7E-5F00-4928-8559-CEE8F0FFD511}
	EndGlobalSection
	GlobalSection(ExtensibilityGlobals) = postSolution
		SolutionGuid = {7FFEF3F9-219C-466D-A3DE-893318461BDF}
	EndGlobalSection
EndGlobal
